
Microsoft Visual Studio Solution File, Format Version 12.00
# Visual Studio Version 17
VisualStudioVersion = 17.14.36518.9 d17.14
MinimumVisualStudioVersion = 10.0.40219.1
Project("{FAE04EC0-301F-11D3-BF4B-00C04F79EFBC}") = "Employee Management Mini Application", "Employee Management Mini Application.csproj", "{B87B5C67-FCDF-45C9-9215-1ACABFF851CE}"
EndProject
Global
	GlobalSection(SolutionConfigurationPlatforms) = preSolution
		Debug|Any CPU = Debug|Any CPU
		Release|Any CPU = Release|Any CPU
	EndGlobalSection
	GlobalSection(ProjectConfigurationPlatforms) = postSolution
		{B87B5C67-FCDF-45C9-9215-1ACABFF851CE}.Debug|Any CPU.ActiveCfg = Debug|Any CPU
		{B87B5C67-FCDF-45C9-9215-1ACABFF851CE}.Debug|Any CPU.Build.0 = Debug|Any CPU
		{B87B5C67-FCDF-45C9-9215-1ACABFF851CE}.Release|Any CPU.ActiveCfg = Release|Any CPU
		{B87B5C67-FCDF-45C9-9215-1ACABFF851CE}.Release|Any CPU.Build.0 = Release|Any CPU
	EndGlobalSection
	GlobalSection(SolutionProperties) = preSolution
		HideSolutionNode = FALSE
	EndGlobalSection
	GlobalSection(ExtensibilityGlobals) = postSolution
		SolutionGuid = {A9C1A843-7CFF-49E7-97C2-E8E3C93B8709}
	EndGlobalSection
EndGlobal
